{"filter":false,"title":"mongod.lock","tooltip":"/YelpCamp/data/mongod.lock","undoManager":{"mark":-1,"position":-1,"stack":[]},"ace":{"folds":[],"scrolltop":0,"scrollleft":0,"selection":{"start":{"row":0,"column":0},"end":{"row":0,"column":0},"isBackwards":false},"options":{"guessTabSize":true,"useWrapMode":false,"wrapToView":true},"firstLineState":0},"timestamp":1504763494721,"hash":"519a831307c12021ee5c1a30f8ae92d6baa059f2"}